
Microsoft Visual Studio Solution File, Format Version 12.00
# Visual Studio Version 17
VisualStudioVersion = 17.0.31903.59
MinimumVisualStudioVersion = 10.0.40219.1
Project("{2150E333-8FDC-42A3-9474-1A3956D46DE8}") = "src", "src", "{827E0CD3-B72D-47B6-A68D-7590B98EB39B}"
EndProject
Project("{FAE04EC0-301F-11D3-BF4B-00C04F79EFBC}") = "CodexLimitMonitor.ProtocolProbe", "src\CodexLimitMonitor.ProtocolProbe\CodexLimitMonitor.ProtocolProbe.csproj", "{0FD61FEA-1FC6-436F-A4DD-E6DA2EDF6A83}"
EndProject
Project("{FAE04EC0-301F-11D3-BF4B-00C04F79EFBC}") = "CodexLimitMonitor.Core", "src\CodexLimitMonitor.Core\CodexLimitMonitor.Core.csproj", "{F8922C55-5A90-4B26-A67E-E041C559382D}"
EndProject
Project("{FAE04EC0-301F-11D3-BF4B-00C04F79EFBC}") = "CodexLimitMonitor.Codex", "src\CodexLimitMonitor.Codex\CodexLimitMonitor.Codex.csproj", "{103E70C6-134E-4702-8A6D-795E68B2EBE7}"
EndProject
Project("{2150E333-8FDC-42A3-9474-1A3956D46DE8}") = "tests", "tests", "{0AB3BF05-4346-4AA6-1389-037BE0695223}"
EndProject
Project("{FAE04EC0-301F-11D3-BF4B-00C04F79EFBC}") = "CodexLimitMonitor.Core.Tests", "tests\CodexLimitMonitor.Core.Tests\CodexLimitMonitor.Core.Tests.csproj", "{3DFB9208-CCAE-4A01-BCC3-465192925817}"
EndProject
Project("{FAE04EC0-301F-11D3-BF4B-00C04F79EFBC}") = "CodexLimitMonitor.Codex.Tests", "tests\CodexLimitMonitor.Codex.Tests\CodexLimitMonitor.Codex.Tests.csproj", "{486110FD-3215-46E7-81AB-0419295E1724}"
EndProject
Project("{FAE04EC0-301F-11D3-BF4B-00C04F79EFBC}") = "CodexLimitMonitor.App", "src\CodexLimitMonitor.App\CodexLimitMonitor.App.csproj", "{27821920-75C9-483A-B854-DB269E61362A}"
EndProject
Project("{FAE04EC0-301F-11D3-BF4B-00C04F79EFBC}") = "CodexLimitMonitor.App.Tests", "tests\CodexLimitMonitor.App.Tests\CodexLimitMonitor.App.Tests.csproj", "{67F761D2-305A-48B6-91CB-76D61EE75A97}"
EndProject
Global
	GlobalSection(SolutionConfigurationPlatforms) = preSolution
		Debug|Any CPU = Debug|Any CPU
		Debug|x64 = Debug|x64
		Debug|x86 = Debug|x86
		Release|Any CPU = Release|Any CPU
		Release|x64 = Release|x64
		Release|x86 = Release|x86
	EndGlobalSection
	GlobalSection(ProjectConfigurationPlatforms) = postSolution
		{0FD61FEA-1FC6-436F-A4DD-E6DA2EDF6A83}.Debug|Any CPU.ActiveCfg = Debug|Any CPU
		{0FD61FEA-1FC6-436F-A4DD-E6DA2EDF6A83}.Debug|Any CPU.Build.0 = Debug|Any CPU
		{0FD61FEA-1FC6-436F-A4DD-E6DA2EDF6A83}.Debug|x64.ActiveCfg = Debug|Any CPU
		{0FD61FEA-1FC6-436F-A4DD-E6DA2EDF6A83}.Debug|x64.Build.0 = Debug|Any CPU
		{0FD61FEA-1FC6-436F-A4DD-E6DA2EDF6A83}.Debug|x86.ActiveCfg = Debug|Any CPU
		{0FD61FEA-1FC6-436F-A4DD-E6DA2EDF6A83}.Debug|x86.Build.0 = Debug|Any CPU
		{0FD61FEA-1FC6-436F-A4DD-E6DA2EDF6A83}.Release|Any CPU.ActiveCfg = Release|Any CPU
		{0FD61FEA-1FC6-436F-A4DD-E6DA2EDF6A83}.Release|Any CPU.Build.0 = Release|Any CPU
		{0FD61FEA-1FC6-436F-A4DD-E6DA2EDF6A83}.Release|x64.ActiveCfg = Release|Any CPU
		{0FD61FEA-1FC6-436F-A4DD-E6DA2EDF6A83}.Release|x64.Build.0 = Release|Any CPU
		{0FD61FEA-1FC6-436F-A4DD-E6DA2EDF6A83}.Release|x86.ActiveCfg = Release|Any CPU
		{0FD61FEA-1FC6-436F-A4DD-E6DA2EDF6A83}.Release|x86.Build.0 = Release|Any CPU
		{F8922C55-5A90-4B26-A67E-E041C559382D}.Debug|Any CPU.ActiveCfg = Debug|Any CPU
		{F8922C55-5A90-4B26-A67E-E041C559382D}.Debug|Any CPU.Build.0 = Debug|Any CPU
		{F8922C55-5A90-4B26-A67E-E041C559382D}.Debug|x64.ActiveCfg = Debug|Any CPU
		{F8922C55-5A90-4B26-A67E-E041C559382D}.Debug|x64.Build.0 = Debug|Any CPU
		{F8922C55-5A90-4B26-A67E-E041C559382D}.Debug|x86.ActiveCfg = Debug|Any CPU
		{F8922C55-5A90-4B26-A67E-E041C559382D}.Debug|x86.Build.0 = Debug|Any CPU
		{F8922C55-5A90-4B26-A67E-E041C559382D}.Release|Any CPU.ActiveCfg = Release|Any CPU
		{F8922C55-5A90-4B26-A67E-E041C559382D}.Release|Any CPU.Build.0 = Release|Any CPU
		{F8922C55-5A90-4B26-A67E-E041C559382D}.Release|x64.ActiveCfg = Release|Any CPU
		{F8922C55-5A90-4B26-A67E-E041C559382D}.Release|x64.Build.0 = Release|Any CPU
		{F8922C55-5A90-4B26-A67E-E041C559382D}.Release|x86.ActiveCfg = Release|Any CPU
		{F8922C55-5A90-4B26-A67E-E041C559382D}.Release|x86.Build.0 = Release|Any CPU
		{103E70C6-134E-4702-8A6D-795E68B2EBE7}.Debug|Any CPU.ActiveCfg = Debug|Any CPU
		{103E70C6-134E-4702-8A6D-795E68B2EBE7}.Debug|Any CPU.Build.0 = Debug|Any CPU
		{103E70C6-134E-4702-8A6D-795E68B2EBE7}.Debug|x64.ActiveCfg = Debug|Any CPU
		{103E70C6-134E-4702-8A6D-795E68B2EBE7}.Debug|x64.Build.0 = Debug|Any CPU
		{103E70C6-134E-4702-8A6D-795E68B2EBE7}.Debug|x86.ActiveCfg = Debug|Any CPU
		{103E70C6-134E-4702-8A6D-795E68B2EBE7}.Debug|x86.Build.0 = Debug|Any CPU
		{103E70C6-134E-4702-8A6D-795E68B2EBE7}.Release|Any CPU.ActiveCfg = Release|Any CPU
		{103E70C6-134E-4702-8A6D-795E68B2EBE7}.Release|Any CPU.Build.0 = Release|Any CPU
		{103E70C6-134E-4702-8A6D-795E68B2EBE7}.Release|x64.ActiveCfg = Release|Any CPU
		{103E70C6-134E-4702-8A6D-795E68B2EBE7}.Release|x64.Build.0 = Release|Any CPU
		{103E70C6-134E-4702-8A6D-795E68B2EBE7}.Release|x86.ActiveCfg = Release|Any CPU
		{103E70C6-134E-4702-8A6D-795E68B2EBE7}.Release|x86.Build.0 = Release|Any CPU
		{3DFB9208-CCAE-4A01-BCC3-465192925817}.Debug|Any CPU.ActiveCfg = Debug|Any CPU
		{3DFB9208-CCAE-4A01-BCC3-465192925817}.Debug|Any CPU.Build.0 = Debug|Any CPU
		{3DFB9208-CCAE-4A01-BCC3-465192925817}.Debug|x64.ActiveCfg = Debug|Any CPU
		{3DFB9208-CCAE-4A01-BCC3-465192925817}.Debug|x64.Build.0 = Debug|Any CPU
		{3DFB9208-CCAE-4A01-BCC3-465192925817}.Debug|x86.ActiveCfg = Debug|Any CPU
		{3DFB9208-CCAE-4A01-BCC3-465192925817}.Debug|x86.Build.0 = Debug|Any CPU
		{3DFB9208-CCAE-4A01-BCC3-465192925817}.Release|Any CPU.ActiveCfg = Release|Any CPU
		{3DFB9208-CCAE-4A01-BCC3-465192925817}.Release|Any CPU.Build.0 = Release|Any CPU
		{3DFB9208-CCAE-4A01-BCC3-465192925817}.Release|x64.ActiveCfg = Release|Any CPU
		{3DFB9208-CCAE-4A01-BCC3-465192925817}.Release|x64.Build.0 = Release|Any CPU
		{3DFB9208-CCAE-4A01-BCC3-465192925817}.Release|x86.ActiveCfg = Release|Any CPU
		{3DFB9208-CCAE-4A01-BCC3-465192925817}.Release|x86.Build.0 = Release|Any CPU
		{486110FD-3215-46E7-81AB-0419295E1724}.Debug|Any CPU.ActiveCfg = Debug|Any CPU
		{486110FD-3215-46E7-81AB-0419295E1724}.Debug|Any CPU.Build.0 = Debug|Any CPU
		{486110FD-3215-46E7-81AB-0419295E1724}.Debug|x64.ActiveCfg = Debug|Any CPU
		{486110FD-3215-46E7-81AB-0419295E1724}.Debug|x64.Build.0 = Debug|Any CPU
		{486110FD-3215-46E7-81AB-0419295E1724}.Debug|x86.ActiveCfg = Debug|Any CPU
		{486110FD-3215-46E7-81AB-0419295E1724}.Debug|x86.Build.0 = Debug|Any CPU
		{486110FD-3215-46E7-81AB-0419295E1724}.Release|Any CPU.ActiveCfg = Release|Any CPU
		{486110FD-3215-46E7-81AB-0419295E1724}.Release|Any CPU.Build.0 = Release|Any CPU
		{486110FD-3215-46E7-81AB-0419295E1724}.Release|x64.ActiveCfg = Release|Any CPU
		{486110FD-3215-46E7-81AB-0419295E1724}.Release|x64.Build.0 = Release|Any CPU
		{486110FD-3215-46E7-81AB-0419295E1724}.Release|x86.ActiveCfg = Release|Any CPU
		{486110FD-3215-46E7-81AB-0419295E1724}.Release|x86.Build.0 = Release|Any CPU
		{27821920-75C9-483A-B854-DB269E61362A}.Debug|Any CPU.ActiveCfg = Debug|Any CPU
		{27821920-75C9-483A-B854-DB269E61362A}.Debug|Any CPU.Build.0 = Debug|Any CPU
		{27821920-75C9-483A-B854-DB269E61362A}.Debug|x64.ActiveCfg = Debug|Any CPU
		{27821920-75C9-483A-B854-DB269E61362A}.Debug|x64.Build.0 = Debug|Any CPU
		{27821920-75C9-483A-B854-DB269E61362A}.Debug|x86.ActiveCfg = Debug|Any CPU
		{27821920-75C9-483A-B854-DB269E61362A}.Debug|x86.Build.0 = Debug|Any CPU
		{27821920-75C9-483A-B854-DB269E61362A}.Release|Any CPU.ActiveCfg = Release|Any CPU
		{27821920-75C9-483A-B854-DB269E61362A}.Release|Any CPU.Build.0 = Release|Any CPU
		{27821920-75C9-483A-B854-DB269E61362A}.Release|x64.ActiveCfg = Release|Any CPU
		{27821920-75C9-483A-B854-DB269E61362A}.Release|x64.Build.0 = Release|Any CPU
		{27821920-75C9-483A-B854-DB269E61362A}.Release|x86.ActiveCfg = Release|Any CPU
		{27821920-75C9-483A-B854-DB269E61362A}.Release|x86.Build.0 = Release|Any CPU
		{67F761D2-305A-48B6-91CB-76D61EE75A97}.Debug|Any CPU.ActiveCfg = Debug|Any CPU
		{67F761D2-305A-48B6-91CB-76D61EE75A97}.Debug|Any CPU.Build.0 = Debug|Any CPU
		{67F761D2-305A-48B6-91CB-76D61EE75A97}.Debug|x64.ActiveCfg = Debug|Any CPU
		{67F761D2-305A-48B6-91CB-76D61EE75A97}.Debug|x64.Build.0 = Debug|Any CPU
		{67F761D2-305A-48B6-91CB-76D61EE75A97}.Debug|x86.ActiveCfg = Debug|Any CPU
		{67F761D2-305A-48B6-91CB-76D61EE75A97}.Debug|x86.Build.0 = Debug|Any CPU
		{67F761D2-305A-48B6-91CB-76D61EE75A97}.Release|Any CPU.ActiveCfg = Release|Any CPU
		{67F761D2-305A-48B6-91CB-76D61EE75A97}.Release|Any CPU.Build.0 = Release|Any CPU
		{67F761D2-305A-48B6-91CB-76D61EE75A97}.Release|x64.ActiveCfg = Release|Any CPU
		{67F761D2-305A-48B6-91CB-76D61EE75A97}.Release|x64.Build.0 = Release|Any CPU
		{67F761D2-305A-48B6-91CB-76D61EE75A97}.Release|x86.ActiveCfg = Release|Any CPU
		{67F761D2-305A-48B6-91CB-76D61EE75A97}.Release|x86.Build.0 = Release|Any CPU
	EndGlobalSection
	GlobalSection(SolutionProperties) = preSolution
		HideSolutionNode = FALSE
	EndGlobalSection
	GlobalSection(NestedProjects) = preSolution
		{0FD61FEA-1FC6-436F-A4DD-E6DA2EDF6A83} = {827E0CD3-B72D-47B6-A68D-7590B98EB39B}
		{F8922C55-5A90-4B26-A67E-E041C559382D} = {827E0CD3-B72D-47B6-A68D-7590B98EB39B}
		{103E70C6-134E-4702-8A6D-795E68B2EBE7} = {827E0CD3-B72D-47B6-A68D-7590B98EB39B}
		{3DFB9208-CCAE-4A01-BCC3-465192925817} = {0AB3BF05-4346-4AA6-1389-037BE0695223}
		{486110FD-3215-46E7-81AB-0419295E1724} = {0AB3BF05-4346-4AA6-1389-037BE0695223}
		{27821920-75C9-483A-B854-DB269E61362A} = {827E0CD3-B72D-47B6-A68D-7590B98EB39B}
		{67F761D2-305A-48B6-91CB-76D61EE75A97} = {0AB3BF05-4346-4AA6-1389-037BE0695223}
	EndGlobalSection
EndGlobal
